
Microsoft Visual Studio Solution File, Format Version 12.00
# Visual Studio 15
VisualStudioVersion = 15.0.28010.2019
MinimumVisualStudioVersion = 10.0.40219.1
Project("{FAE04EC0-301F-11D3-BF4B-00C04F79EFBC}") = "SerializableSingleton", "SerializableSingleton\SerializableSingleton.csproj", "{0F3E1A2E-4E40-43FA-A358-13A85CAB82FF}"
EndProject
Project("{FAE04EC0-301F-11D3-BF4B-00C04F79EFBC}") = "SingletonTests", "SingletonTests\SingletonTests.csproj", "{63C060B5-7F76-4AC0-9E29-B9CCBDF5B2F1}"
EndProject
Global
	GlobalSection(SolutionConfigurationPlatforms) = preSolution
		Debug|Any CPU = Debug|Any CPU
		Release|Any CPU = Release|Any CPU
	EndGlobalSection
	GlobalSection(ProjectConfigurationPlatforms) = postSolution
		{0F3E1A2E-4E40-43FA-A358-13A85CAB82FF}.Debug|Any CPU.ActiveCfg = Debug|Any CPU
		{0F3E1A2E-4E40-43FA-A358-13A85CAB82FF}.Debug|Any CPU.Build.0 = Debug|Any CPU
		{0F3E1A2E-4E40-43FA-A358-13A85CAB82FF}.Release|Any CPU.ActiveCfg = Release|Any CPU
		{0F3E1A2E-4E40-43FA-A358-13A85CAB82FF}.Release|Any CPU.Build.0 = Release|Any CPU
		{63C060B5-7F76-4AC0-9E29-B9CCBDF5B2F1}.Debug|Any CPU.ActiveCfg = Debug|Any CPU
		{63C060B5-7F76-4AC0-9E29-B9CCBDF5B2F1}.Debug|Any CPU.Build.0 = Debug|Any CPU
		{63C060B5-7F76-4AC0-9E29-B9CCBDF5B2F1}.Release|Any CPU.ActiveCfg = Release|Any CPU
		{63C060B5-7F76-4AC0-9E29-B9CCBDF5B2F1}.Release|Any CPU.Build.0 = Release|Any CPU
	EndGlobalSection
	GlobalSection(SolutionProperties) = preSolution
		HideSolutionNode = FALSE
	EndGlobalSection
	GlobalSection(ExtensibilityGlobals) = postSolution
		SolutionGuid = {7BDF686C-7DDB-4B5D-9F5B-E572637E4F94}
	EndGlobalSection
EndGlobal
